PODS:
  - CocoaAsyncSocket (7.6.0)
  - EzHTTP (3.1.0):
    - CocoaAsyncSocket
  - EzImageLoader (3.1.0):
    - EzHTTP

DEPENDENCIES:
  - EzHTTP
  - EzImageLoader (from `../`)

EXTERNAL SOURCES:
  EzImageLoader:
    :path: "../"

SPEC CHECKSUMS:
  CocoaAsyncSocket: b9d5589f07baf9de8f34cc25abd4fcba28f13805
  EzHTTP: c695d07aede2fc516bcd608269b9c0f4a44dc573
  EzImageLoader: c6289de473fc3c7bc47c603ea70e84debe06ccec

PODFILE CHECKSUM: e7046a98d556e1740f08c0b9d223137196ae3768

COCOAPODS: 1.2.0
