// !$*UTF8*$!
{
	archiveVersion = 1;
	classes = {
	};
	objectVersion = 46;
	objects = {

/* Begin PBXBuildFile section */
		03771EACA8290D38203CAB77 /* Pods_EzImageLoaderSampleTests.framework in Frameworks */ = {isa = PBXBuildFile; fileRef = 4B131B22E460EEF30C5915B6 /* Pods_EzImageLoaderSampleTests.framework */; };
		C31DBBCF1DBA11B4009BC34B /* EzImageLoaderSampleTests.swift in Sources */ = {isa = PBXBuildFile; fileRef = C31DBBCE1DBA11B4009BC34B /* EzImageLoaderSampleTests.swift */; };
		C36D95621D4069FD00F0CE31 /* AppDelegate.swift in Sources */ = {isa = PBXBuildFile; fileRef = C36D95611D4069FD00F0CE31 /* AppDelegate.swift */; };
		C36D95641D4069FD00F0CE31 /* ViewController.swift in Sources */ = {isa = PBXBuildFile; fileRef = C36D95631D4069FD00F0CE31 /* ViewController.swift */; };
		C36D95671D4069FD00F0CE31 /* Main.storyboard in Resources */ = {isa = PBXBuildFile; fileRef = C36D95651D4069FD00F0CE31 /* Main.storyboard */; };
		C36D95691D4069FD00F0CE31 /* Assets.xcassets in Resources */ = {isa = PBXBuildFile; fileRef = C36D95681D4069FD00F0CE31 /* Assets.xcassets */; };
		C36D956C1D4069FD00F0CE31 /* LaunchScreen.storyboard in Resources */ = {isa = PBXBuildFile; fileRef = C36D956A1D4069FD00F0CE31 /* LaunchScreen.storyboard */; };
		DCA130A7995D7C6AE088CD0E /* Pods_EzImageLoaderSample.framework in Frameworks */ = {isa = PBXBuildFile; fileRef = 81CDAEC16B23B910D5558F29 /* Pods_EzImageLoaderSample.framework */; };
/* End PBXBuildFile section */

/* Begin PBXContainerItemProxy section */
		C31DBBD11DBA11B4009BC34B /* PBXContainerItemProxy */ = {
			isa = PBXContainerItemProxy;
			containerPortal = C36D95561D4069FD00F0CE31 /* Project object */;
			proxyType = 1;
			remoteGlobalIDString = C36D955D1D4069FD00F0CE31;
			remoteInfo = EzImageLoaderSample;
		};
/* End PBXContainerItemProxy section */

/* Begin PBXFileReference section */
		4B131B22E460EEF30C5915B6 /* Pods_EzImageLoaderSampleTests.framework */ = {isa = PBXFileReference; explicitFileType = wrapper.framework; includeInIndex = 0; path = Pods_EzImageLoaderSampleTests.framework; sourceTree = BUILT_PRODUCTS_DIR; };
		7985AC70593E6A18EF0D0D90 /* Pods-EzImageLoaderSampleTests.release.xcconfig */ = {isa = PBXFileReference; includeInIndex = 1; lastKnownFileType = text.xcconfig; name = "Pods-EzImageLoaderSampleTests.release.xcconfig"; path = "Pods/Target Support Files/Pods-EzImageLoaderSampleTests/Pods-EzImageLoaderSampleTests.release.xcconfig"; sourceTree = "<group>"; };
		81CDAEC16B23B910D5558F29 /* Pods_EzImageLoaderSample.framework */ = {isa = PBXFileReference; explicitFileType = wrapper.framework; includeInIndex = 0; path = Pods_EzImageLoaderSample.framework; sourceTree = BUILT_PRODUCTS_DIR; };
		8848572FE75D7DAA5AD9B241 /* Pods-EzImageLoaderSampleTests.debug.xcconfig */ = {isa = PBXFileReference; includeInIndex = 1; lastKnownFileType = text.xcconfig; name = "Pods-EzImageLoaderSampleTests.debug.xcconfig"; path = "Pods/Target Support Files/Pods-EzImageLoaderSampleTests/Pods-EzImageLoaderSampleTests.debug.xcconfig"; sourceTree = "<group>"; };
		8CA846A49C42948445AAC8B3 /* Pods-EzImageLoaderSample.debug.xcconfig */ = {isa = PBXFileReference; includeInIndex = 1; lastKnownFileType = text.xcconfig; name = "Pods-EzImageLoaderSample.debug.xcconfig"; path = "Pods/Target Support Files/Pods-EzImageLoaderSample/Pods-EzImageLoaderSample.debug.xcconfig"; sourceTree = "<group>"; };
		C31DBBCC1DBA11B4009BC34B /* EzImageLoaderSampleTests.xctest */ = {isa = PBXFileReference; explicitFileType = wrapper.cfbundle; includeInIndex = 0; path = EzImageLoaderSampleTests.xctest; sourceTree = BUILT_PRODUCTS_DIR; };
		C31DBBCE1DBA11B4009BC34B /* EzImageLoaderSampleTests.swift */ = {isa = PBXFileReference; lastKnownFileType = sourcecode.swift; path = EzImageLoaderSampleTests.swift; sourceTree = "<group>"; };
		C31DBBD01DBA11B4009BC34B /* Info.plist */ = {isa = PBXFileReference; lastKnownFileType = text.plist.xml; path = Info.plist; sourceTree = "<group>"; };
		C36D955E1D4069FD00F0CE31 /* EzImageLoaderSample.app */ = {isa = PBXFileReference; explicitFileType = wrapper.application; includeInIndex = 0; path = EzImageLoaderSample.app; sourceTree = BUILT_PRODUCTS_DIR; };
		C36D95611D4069FD00F0CE31 /* AppDelegate.swift */ = {isa = PBXFileReference; lastKnownFileType = sourcecode.swift; path = AppDelegate.swift; sourceTree = "<group>"; };
		C36D95631D4069FD00F0CE31 /* ViewController.swift */ = {isa = PBXFileReference; lastKnownFileType = sourcecode.swift; path = ViewController.swift; sourceTree = "<group>"; };
		C36D95661D4069FD00F0CE31 /* Base */ = {isa = PBXFileReference; lastKnownFileType = file.storyboard; name = Base; path = Base.lproj/Main.storyboard; sourceTree = "<group>"; };
		C36D95681D4069FD00F0CE31 /* Assets.xcassets */ = {isa = PBXFileReference; lastKnownFileType = folder.assetcatalog; path = Assets.xcassets; sourceTree = "<group>"; };
		C36D956B1D4069FD00F0CE31 /* Base */ = {isa = PBXFileReference; lastKnownFileType = file.storyboard; name = Base; path = Base.lproj/LaunchScreen.storyboard; sourceTree = "<group>"; };
		C36D956D1D4069FD00F0CE31 /* Info.plist */ = {isa = PBXFileReference; lastKnownFileType = text.plist.xml; path = Info.plist; sourceTree = "<group>"; };
		DF6DC31241859B5AEEAF8F7B /* Pods-EzImageLoaderSample.release.xcconfig */ = {isa = PBXFileReference; includeInIndex = 1; lastKnownFileType = text.xcconfig; name = "Pods-EzImageLoaderSample.release.xcconfig"; path = "Pods/Target Support Files/Pods-EzImageLoaderSample/Pods-EzImageLoaderSample.release.xcconfig"; sourceTree = "<group>"; };
/* End PBXFileReference section */

/* Begin PBXFrameworksBuildPhase section */
		C31DBBC91DBA11B4009BC34B /* Frameworks */ = {
			isa = PBXFrameworksBuildPhase;
			buildActionMask = 2147483647;
			files = (
				03771EACA8290D38203CAB77 /* Pods_EzImageLoaderSampleTests.framework in Frameworks */,
			);
			runOnlyForDeploymentPostprocessing = 0;
		};
		C36D955B1D4069FD00F0CE31 /* Frameworks */ = {
			isa = PBXFrameworksBuildPhase;
			buildActionMask = 2147483647;
			files = (
				DCA130A7995D7C6AE088CD0E /* Pods_EzImageLoaderSample.framework in Frameworks */,
			);
			runOnlyForDeploymentPostprocessing = 0;
		};
/* End PBXFrameworksBuildPhase section */

/* Begin PBXGroup section */
		C31DBBCD1DBA11B4009BC34B /* EzImageLoaderSampleTests */ = {
			isa = PBXGroup;
			children = (
				C31DBBCE1DBA11B4009BC34B /* EzImageLoaderSampleTests.swift */,
				C31DBBD01DBA11B4009BC34B /* Info.plist */,
			);
			path = EzImageLoaderSampleTests;
			sourceTree = "<group>";
		};
		C36D95551D4069FD00F0CE31 = {
			isa = PBXGroup;
			children = (
				C36D95601D4069FD00F0CE31 /* sample */,
				C31DBBCD1DBA11B4009BC34B /* EzImageLoaderSampleTests */,
				C36D955F1D4069FD00F0CE31 /* Products */,
				E6C258EAE18C52F0FC62C0C8 /* Pods */,
				D5D144323B870E8423A52936 /* Frameworks */,
			);
			sourceTree = "<group>";
		};
		C36D955F1D4069FD00F0CE31 /* Products */ = {
			isa = PBXGroup;
			children = (
				C36D955E1D4069FD00F0CE31 /* EzImageLoaderSample.app */,
				C31DBBCC1DBA11B4009BC34B /* EzImageLoaderSampleTests.xctest */,
			);
			name = Products;
			sourceTree = "<group>";
		};
		C36D95601D4069FD00F0CE31 /* sample */ = {
			isa = PBXGroup;
			children = (
				C36D95611D4069FD00F0CE31 /* AppDelegate.swift */,
				C36D95631D4069FD00F0CE31 /* ViewController.swift */,
				C36D95651D4069FD00F0CE31 /* Main.storyboard */,
				C36D95681D4069FD00F0CE31 /* Assets.xcassets */,
				C36D956A1D4069FD00F0CE31 /* LaunchScreen.storyboard */,
				C36D956D1D4069FD00F0CE31 /* Info.plist */,
			);
			path = sample;
			sourceTree = "<group>";
		};
		D5D144323B870E8423A52936 /* Frameworks */ = {
			isa = PBXGroup;
			children = (
				81CDAEC16B23B910D5558F29 /* Pods_EzImageLoaderSample.framework */,
				4B131B22E460EEF30C5915B6 /* Pods_EzImageLoaderSampleTests.framework */,
			);
			name = Frameworks;
			sourceTree = "<group>";
		};
		E6C258EAE18C52F0FC62C0C8 /* Pods */ = {
			isa = PBXGroup;
			children = (
				8CA846A49C42948445AAC8B3 /* Pods-EzImageLoaderSample.debug.xcconfig */,
				DF6DC31241859B5AEEAF8F7B /* Pods-EzImageLoaderSample.release.xcconfig */,
				8848572FE75D7DAA5AD9B241 /* Pods-EzImageLoaderSampleTests.debug.xcconfig */,
				7985AC70593E6A18EF0D0D90 /* Pods-EzImageLoaderSampleTests.release.xcconfig */,
			);
			name = Pods;
			sourceTree = "<group>";
		};
/* End PBXGroup section */

/* Begin PBXNativeTarget section */
		C31DBBCB1DBA11B4009BC34B /* EzImageLoaderSampleTests */ = {
			isa = PBXNativeTarget;
			buildConfigurationList = C31DBBD51DBA11B4009BC34B /* Build configuration list for PBXNativeTarget "EzImageLoaderSampleTests" */;
			buildPhases = (
				2833104D737182178E13BDAE /* [CP] Check Pods Manifest.lock */,
				C31DBBC81DBA11B4009BC34B /* Sources */,
				C31DBBC91DBA11B4009BC34B /* Frameworks */,
				C31DBBCA1DBA11B4009BC34B /* Resources */,
				D912B38E3842486A1B533886 /* [CP] Embed Pods Frameworks */,
				20113062D6D8C7D5398BC3CC /* [CP] Copy Pods Resources */,
			);
			buildRules = (
			);
			dependencies = (
				C31DBBD21DBA11B4009BC34B /* PBXTargetDependency */,
			);
			name = EzImageLoaderSampleTests;
			productName = EzImageLoaderSampleTests;
			productReference = C31DBBCC1DBA11B4009BC34B /* EzImageLoaderSampleTests.xctest */;
			productType = "com.apple.product-type.bundle.unit-test";
		};
		C36D955D1D4069FD00F0CE31 /* EzImageLoaderSample */ = {
			isa = PBXNativeTarget;
			buildConfigurationList = C36D95701D4069FD00F0CE31 /* Build configuration list for PBXNativeTarget "EzImageLoaderSample" */;
			buildPhases = (
				93297E9F773FE5C5461AE3AA /* [CP] Check Pods Manifest.lock */,
				C36D955A1D4069FD00F0CE31 /* Sources */,
				C36D955B1D4069FD00F0CE31 /* Frameworks */,
				C36D955C1D4069FD00F0CE31 /* Resources */,
				49F21A9B45A6FA8F834CD701 /* [CP] Embed Pods Frameworks */,
				614E7D74CBD413F462E185EE /* [CP] Copy Pods Resources */,
			);
			buildRules = (
			);
			dependencies = (
			);
			name = EzImageLoaderSample;
			productName = sample;
			productReference = C36D955E1D4069FD00F0CE31 /* EzImageLoaderSample.app */;
			productType = "com.apple.product-type.application";
		};
/* End PBXNativeTarget section */

/* Begin PBXProject section */
		C36D95561D4069FD00F0CE31 /* Project object */ = {
			isa = PBXProject;
			attributes = {
				LastSwiftUpdateCheck = 0800;
				LastUpgradeCheck = 0920;
				ORGANIZATIONNAME = asada;
				TargetAttributes = {
					C31DBBCB1DBA11B4009BC34B = {
						CreatedOnToolsVersion = 8.0;
						DevelopmentTeam = 5E2LE3SXM6;
						LastSwiftMigration = 0920;
						ProvisioningStyle = Automatic;
						TestTargetID = C36D955D1D4069FD00F0CE31;
					};
					C36D955D1D4069FD00F0CE31 = {
						CreatedOnToolsVersion = 7.3.1;
						DevelopmentTeam = 5E2LE3SXM6;
						LastSwiftMigration = 0920;
					};
				};
			};
			buildConfigurationList = C36D95591D4069FD00F0CE31 /* Build configuration list for PBXProject "EzImageLoaderSample" */;
			compatibilityVersion = "Xcode 3.2";
			developmentRegion = English;
			hasScannedForEncodings = 0;
			knownRegions = (
				en,
				Base,
			);
			mainGroup = C36D95551D4069FD00F0CE31;
			productRefGroup = C36D955F1D4069FD00F0CE31 /* Products */;
			projectDirPath = "";
			projectRoot = "";
			targets = (
				C36D955D1D4069FD00F0CE31 /* EzImageLoaderSample */,
				C31DBBCB1DBA11B4009BC34B /* EzImageLoaderSampleTests */,
			);
		};
/* End PBXProject section */

/* Begin PBXResourcesBuildPhase section */
		C31DBBCA1DBA11B4009BC34B /* Resources */ = {
			isa = PBXResourcesBuildPhase;
			buildActionMask = 2147483647;
			files = (
			);
			runOnlyForDeploymentPostprocessing = 0;
		};
		C36D955C1D4069FD00F0CE31 /* Resources */ = {
			isa = PBXResourcesBuildPhase;
			buildActionMask = 2147483647;
			files = (
				C36D956C1D4069FD00F0CE31 /* LaunchScreen.storyboard in Resources */,
				C36D95691D4069FD00F0CE31 /* Assets.xcassets in Resources */,
				C36D95671D4069FD00F0CE31 /* Main.storyboard in Resources */,
			);
			runOnlyForDeploymentPostprocessing = 0;
		};
/* End PBXResourcesBuildPhase section */

/* Begin PBXShellScriptBuildPhase section */
		20113062D6D8C7D5398BC3CC /* [CP] Copy Pods Resources */ = {
			isa = PBXShellScriptBuildPhase;
			buildActionMask = 2147483647;
			files = (
			);
			inputPaths = (
			);
			name = "[CP] Copy Pods Resources";
			outputPaths = (
			);
			runOnlyForDeploymentPostprocessing = 0;
			shellPath = /bin/sh;
			shellScript = "\"${SRCROOT}/Pods/Target Support Files/Pods-EzImageLoaderSampleTests/Pods-EzImageLoaderSampleTests-resources.sh\"\n";
			showEnvVarsInLog = 0;
		};
		2833104D737182178E13BDAE /* [CP] Check Pods Manifest.lock */ = {
			isa = PBXShellScriptBuildPhase;
			buildActionMask = 2147483647;
			files = (
			);
			inputPaths = (
				"${PODS_PODFILE_DIR_PATH}/Podfile.lock",
				"${PODS_ROOT}/Manifest.lock",
			);
			name = "[CP] Check Pods Manifest.lock";
			outputPaths = (
				"$(DERIVED_FILE_DIR)/Pods-EzImageLoaderSampleTests-checkManifestLockResult.txt",
			);
			runOnlyForDeploymentPostprocessing = 0;
			shellPath = /bin/sh;
			shellScript = "diff \"${PODS_PODFILE_DIR_PATH}/Podfile.lock\" \"${PODS_ROOT}/Manifest.lock\" > /dev/null\nif [ $? != 0 ] ; then\n    # print error to STDERR\n    echo \"error: The sandbox is not in sync with the Podfile.lock. Run 'pod install' or update your CocoaPods installation.\" >&2\n    exit 1\nfi\n# This output is used by Xcode 'outputs' to avoid re-running this script phase.\necho \"SUCCESS\" > \"${SCRIPT_OUTPUT_FILE_0}\"\n";
			showEnvVarsInLog = 0;
		};
		49F21A9B45A6FA8F834CD701 /* [CP] Embed Pods Frameworks */ = {
			isa = PBXShellScriptBuildPhase;
			buildActionMask = 2147483647;
			files = (
			);
			inputPaths = (
				"${SRCROOT}/Pods/Target Support Files/Pods-EzImageLoaderSample/Pods-EzImageLoaderSample-frameworks.sh",
				"${BUILT_PRODUCTS_DIR}/EzHTTP/EzHTTP.framework",
				"${BUILT_PRODUCTS_DIR}/EzImageLoader/EzImageLoader.framework",
			);
			name = "[CP] Embed Pods Frameworks";
			outputPaths = (
				"${TARGET_BUILD_DIR}/${FRAMEWORKS_FOLDER_PATH}/EzHTTP.framework",
				"${TARGET_BUILD_DIR}/${FRAMEWORKS_FOLDER_PATH}/EzImageLoader.framework",
			);
			runOnlyForDeploymentPostprocessing = 0;
			shellPath = /bin/sh;
			shellScript = "\"${SRCROOT}/Pods/Target Support Files/Pods-EzImageLoaderSample/Pods-EzImageLoaderSample-frameworks.sh\"\n";
			showEnvVarsInLog = 0;
		};
		614E7D74CBD413F462E185EE /* [CP] Copy Pods Resources */ = {
			isa = PBXShellScriptBuildPhase;
			buildActionMask = 2147483647;
			files = (
			);
			inputPaths = (
			);
			name = "[CP] Copy Pods Resources";
			outputPaths = (
			);
			runOnlyForDeploymentPostprocessing = 0;
			shellPath = /bin/sh;
			shellScript = "\"${SRCROOT}/Pods/Target Support Files/Pods-EzImageLoaderSample/Pods-EzImageLoaderSample-resources.sh\"\n";
			showEnvVarsInLog = 0;
		};
		93297E9F773FE5C5461AE3AA /* [CP] Check Pods Manifest.lock */ = {
			isa = PBXShellScriptBuildPhase;
			buildActionMask = 2147483647;
			files = (
			);
			inputPaths = (
				"${PODS_PODFILE_DIR_PATH}/Podfile.lock",
				"${PODS_ROOT}/Manifest.lock",
			);
			name = "[CP] Check Pods Manifest.lock";
			outputPaths = (
				"$(DERIVED_FILE_DIR)/Pods-EzImageLoaderSample-checkManifestLockResult.txt",
			);
			runOnlyForDeploymentPostprocessing = 0;
			shellPath = /bin/sh;
			shellScript = "diff \"${PODS_PODFILE_DIR_PATH}/Podfile.lock\" \"${PODS_ROOT}/Manifest.lock\" > /dev/null\nif [ $? != 0 ] ; then\n    # print error to STDERR\n    echo \"error: The sandbox is not in sync with the Podfile.lock. Run 'pod install' or update your CocoaPods installation.\" >&2\n    exit 1\nfi\n# This output is used by Xcode 'outputs' to avoid re-running this script phase.\necho \"SUCCESS\" > \"${SCRIPT_OUTPUT_FILE_0}\"\n";
			showEnvVarsInLog = 0;
		};
		D912B38E3842486A1B533886 /* [CP] Embed Pods Frameworks */ = {
			isa = PBXShellScriptBuildPhase;
			buildActionMask = 2147483647;
			files = (
			);
			inputPaths = (
				"${SRCROOT}/Pods/Target Support Files/Pods-EzImageLoaderSampleTests/Pods-EzImageLoaderSampleTests-frameworks.sh",
				"${BUILT_PRODUCTS_DIR}/EzHTTP/EzHTTP.framework",
				"${BUILT_PRODUCTS_DIR}/EzImageLoader/EzImageLoader.framework",
			);
			name = "[CP] Embed Pods Frameworks";
			outputPaths = (
				"${TARGET_BUILD_DIR}/${FRAMEWORKS_FOLDER_PATH}/EzHTTP.framework",
				"${TARGET_BUILD_DIR}/${FRAMEWORKS_FOLDER_PATH}/EzImageLoader.framework",
			);
			runOnlyForDeploymentPostprocessing = 0;
			shellPath = /bin/sh;
			shellScript = "\"${SRCROOT}/Pods/Target Support Files/Pods-EzImageLoaderSampleTests/Pods-EzImageLoaderSampleTests-frameworks.sh\"\n";
			showEnvVarsInLog = 0;
		};
/* End PBXShellScriptBuildPhase section */

/* Begin PBXSourcesBuildPhase section */
		C31DBBC81DBA11B4009BC34B /* Sources */ = {
			isa = PBXSourcesBuildPhase;
			buildActionMask = 2147483647;
			files = (
				C31DBBCF1DBA11B4009BC34B /* EzImageLoaderSampleTests.swift in Sources */,
			);
			runOnlyForDeploymentPostprocessing = 0;
		};
		C36D955A1D4069FD00F0CE31 /* Sources */ = {
			isa = PBXSourcesBuildPhase;
			buildActionMask = 2147483647;
			files = (
				C36D95641D4069FD00F0CE31 /* ViewController.swift in Sources */,
				C36D95621D4069FD00F0CE31 /* AppDelegate.swift in Sources */,
			);
			runOnlyForDeploymentPostprocessing = 0;
		};
/* End PBXSourcesBuildPhase section */

/* Begin PBXTargetDependency section */
		C31DBBD21DBA11B4009BC34B /* PBXTargetDependency */ = {
			isa = PBXTargetDependency;
			target = C36D955D1D4069FD00F0CE31 /* EzImageLoaderSample */;
			targetProxy = C31DBBD11DBA11B4009BC34B /* PBXContainerItemProxy */;
		};
/* End PBXTargetDependency section */

/* Begin PBXVariantGroup section */
		C36D95651D4069FD00F0CE31 /* Main.storyboard */ = {
			isa = PBXVariantGroup;
			children = (
				C36D95661D4069FD00F0CE31 /* Base */,
			);
			name = Main.storyboard;
			sourceTree = "<group>";
		};
		C36D956A1D4069FD00F0CE31 /* LaunchScreen.storyboard */ = {
			isa = PBXVariantGroup;
			children = (
				C36D956B1D4069FD00F0CE31 /* Base */,
			);
			name = LaunchScreen.storyboard;
			sourceTree = "<group>";
		};
/* End PBXVariantGroup section */

/* Begin XCBuildConfiguration section */
		C31DBBD31DBA11B4009BC34B /* Debug */ = {
			isa = XCBuildConfiguration;
			baseConfigurationReference = 8848572FE75D7DAA5AD9B241 /* Pods-EzImageLoaderSampleTests.debug.xcconfig */;
			buildSettings = {
				BUNDLE_LOADER = "$(TEST_HOST)";
				CLANG_WARN_DOCUMENTATION_COMMENTS = YES;
				CLANG_WARN_SUSPICIOUS_MOVES = YES;
				DEVELOPMENT_TEAM = 5E2LE3SXM6;
				INFOPLIST_FILE = EzImageLoaderSampleTests/Info.plist;
				IPHONEOS_DEPLOYMENT_TARGET = 10.0;
				LD_RUNPATH_SEARCH_PATHS = "$(inherited) @executable_path/Frameworks @loader_path/Frameworks";
				PRODUCT_BUNDLE_IDENTIFIER = com.nagisa.EzImageLoaderSampleTests;
				PRODUCT_NAME = "$(TARGET_NAME)";
				SWIFT_ACTIVE_COMPILATION_CONDITIONS = DEBUG;
				SWIFT_SWIFT3_OBJC_INFERENCE = On;
				SWIFT_VERSION = 4.0;
				TEST_HOST = "$(BUILT_PRODUCTS_DIR)/EzImageLoaderSample.app/EzImageLoaderSample";
			};
			name = Debug;
		};
		C31DBBD41DBA11B4009BC34B /* Release */ = {
			isa = XCBuildConfiguration;
			baseConfigurationReference = 7985AC70593E6A18EF0D0D90 /* Pods-EzImageLoaderSampleTests.release.xcconfig */;
			buildSettings = {
				BUNDLE_LOADER = "$(TEST_HOST)";
				CLANG_WARN_DOCUMENTATION_COMMENTS = YES;
				CLANG_WARN_SUSPICIOUS_MOVES = YES;
				DEVELOPMENT_TEAM = 5E2LE3SXM6;
				INFOPLIST_FILE = EzImageLoaderSampleTests/Info.plist;
				IPHONEOS_DEPLOYMENT_TARGET = 10.0;
				LD_RUNPATH_SEARCH_PATHS = "$(inherited) @executable_path/Frameworks @loader_path/Frameworks";
				PRODUCT_BUNDLE_IDENTIFIER = com.nagisa.EzImageLoaderSampleTests;
				PRODUCT_NAME = "$(TARGET_NAME)";
				SWIFT_SWIFT3_OBJC_INFERENCE = On;
				SWIFT_VERSION = 4.0;
				TEST_HOST = "$(BUILT_PRODUCTS_DIR)/EzImageLoaderSample.app/EzImageLoaderSample";
			};
			name = Release;
		};
		C36D956E1D4069FD00F0CE31 /* Debug */ = {
			isa = XCBuildConfiguration;
			buildSettings = {
				ALWAYS_SEARCH_USER_PATHS = NO;
				CLANG_ANALYZER_NONNULL = YES;
				CLANG_CXX_LANGUAGE_STANDARD = "gnu++0x";
				CLANG_CXX_LIBRARY = "libc++";
				CLANG_ENABLE_MODULES = YES;
				CLANG_ENABLE_OBJC_ARC = YES;
				CLANG_WARN_BLOCK_CAPTURE_AUTORELEASING = YES;
				CLANG_WARN_BOOL_CONVERSION = YES;
				CLANG_WARN_COMMA = YES;
				CLANG_WARN_CONSTANT_CONVERSION = YES;
				CLANG_WARN_DIRECT_OBJC_ISA_USAGE = YES_ERROR;
				CLANG_WARN_EMPTY_BODY = YES;
				CLANG_WARN_ENUM_CONVERSION = YES;
				CLANG_WARN_INFINITE_RECURSION = YES;
				CLANG_WARN_INT_CONVERSION = YES;
				CLANG_WARN_NON_LITERAL_NULL_CONVERSION = YES;
				CLANG_WARN_OBJC_LITERAL_CONVERSION = YES;
				CLANG_WARN_OBJC_ROOT_CLASS = YES_ERROR;
				CLANG_WARN_RANGE_LOOP_ANALYSIS = YES;
				CLANG_WARN_STRICT_PROTOTYPES = YES;
				CLANG_WARN_SUSPICIOUS_MOVE = YES;
				CLANG_WARN_UNREACHABLE_CODE = YES;
				CLANG_WARN__DUPLICATE_METHOD_MATCH = YES;
				"CODE_SIGN_IDENTITY[sdk=iphoneos*]" = "iPhone Developer";
				COPY_PHASE_STRIP = NO;
				DEBUG_INFORMATION_FORMAT = dwarf;
				ENABLE_STRICT_OBJC_MSGSEND = YES;
				ENABLE_TESTABILITY = YES;
				GCC_C_LANGUAGE_STANDARD = gnu99;
				GCC_DYNAMIC_NO_PIC = NO;
				GCC_NO_COMMON_BLOCKS = YES;
				GCC_OPTIMIZATION_LEVEL = 0;
				GCC_PREPROCESSOR_DEFINITIONS = (
					"DEBUG=1",
					"$(inherited)",
				);
				GCC_WARN_64_TO_32_BIT_CONVERSION = YES;
				GCC_WARN_ABOUT_RETURN_TYPE = YES_ERROR;
				GCC_WARN_UNDECLARED_SELECTOR = YES;
				GCC_WARN_UNINITIALIZED_AUTOS = YES_AGGRESSIVE;
				GCC_WARN_UNUSED_FUNCTION = YES;
				GCC_WARN_UNUSED_VARIABLE = YES;
				IPHONEOS_DEPLOYMENT_TARGET = 9.3;
				MTL_ENABLE_DEBUG_INFO = YES;
				ONLY_ACTIVE_ARCH = YES;
				SDKROOT = iphoneos;
				SWIFT_OPTIMIZATION_LEVEL = "-Onone";
				SWIFT_VERSION = 3.0;
				TARGETED_DEVICE_FAMILY = "1,2";
			};
			name = Debug;
		};
		C36D956F1D4069FD00F0CE31 /* Release */ = {
			isa = XCBuildConfiguration;
			buildSettings = {
				ALWAYS_SEARCH_USER_PATHS = NO;
				CLANG_ANALYZER_NONNULL = YES;
				CLANG_CXX_LANGUAGE_STANDARD = "gnu++0x";
				CLANG_CXX_LIBRARY = "libc++";
				CLANG_ENABLE_MODULES = YES;
				CLANG_ENABLE_OBJC_ARC = YES;
				CLANG_WARN_BLOCK_CAPTURE_AUTORELEASING = YES;
				CLANG_WARN_BOOL_CONVERSION = YES;
				CLANG_WARN_COMMA = YES;
				CLANG_WARN_CONSTANT_CONVERSION = YES;
				CLANG_WARN_DIRECT_OBJC_ISA_USAGE = YES_ERROR;
				CLANG_WARN_EMPTY_BODY = YES;
				CLANG_WARN_ENUM_CONVERSION = YES;
				CLANG_WARN_INFINITE_RECURSION = YES;
				CLANG_WARN_INT_CONVERSION = YES;
				CLANG_WARN_NON_LITERAL_NULL_CONVERSION = YES;
				CLANG_WARN_OBJC_LITERAL_CONVERSION = YES;
				CLANG_WARN_OBJC_ROOT_CLASS = YES_ERROR;
				CLANG_WARN_RANGE_LOOP_ANALYSIS = YES;
				CLANG_WARN_STRICT_PROTOTYPES = YES;
				CLANG_WARN_SUSPICIOUS_MOVE = YES;
				CLANG_WARN_UNREACHABLE_CODE = YES;
				CLANG_WARN__DUPLICATE_METHOD_MATCH = YES;
				"CODE_SIGN_IDENTITY[sdk=iphoneos*]" = "iPhone Developer";
				COPY_PHASE_STRIP = NO;
				DEBUG_INFORMATION_FORMAT = "dwarf-with-dsym";
				ENABLE_NS_ASSERTIONS = NO;
				ENABLE_STRICT_OBJC_MSGSEND = YES;
				GCC_C_LANGUAGE_STANDARD = gnu99;
				GCC_NO_COMMON_BLOCKS = YES;
				GCC_WARN_64_TO_32_BIT_CONVERSION = YES;
				GCC_WARN_ABOUT_RETURN_TYPE = YES_ERROR;
				GCC_WARN_UNDECLARED_SELECTOR = YES;
				GCC_WARN_UNINITIALIZED_AUTOS = YES_AGGRESSIVE;
				GCC_WARN_UNUSED_FUNCTION = YES;
				GCC_WARN_UNUSED_VARIABLE = YES;
				IPHONEOS_DEPLOYMENT_TARGET = 9.3;
				MTL_ENABLE_DEBUG_INFO = NO;
				SDKROOT = iphoneos;
				SWIFT_OPTIMIZATION_LEVEL = "-Owholemodule";
				SWIFT_VERSION = 3.0;
				TARGETED_DEVICE_FAMILY = "1,2";
				VALIDATE_PRODUCT = YES;
			};
			name = Release;
		};
		C36D95711D4069FD00F0CE31 /* Debug */ = {
			isa = XCBuildConfiguration;
			baseConfigurationReference = 8CA846A49C42948445AAC8B3 /* Pods-EzImageLoaderSample.debug.xcconfig */;
			buildSettings = {
				ASSETCATALOG_COMPILER_APPICON_NAME = AppIcon;
				DEVELOPMENT_TEAM = 5E2LE3SXM6;
				FRAMEWORK_SEARCH_PATHS = (
					"$(inherited)",
					"$(PROJECT_DIR)",
				);
				INFOPLIST_FILE = sample/Info.plist;
				IPHONEOS_DEPLOYMENT_TARGET = 8.0;
				LD_RUNPATH_SEARCH_PATHS = "$(inherited) @executable_path/Frameworks";
				PRODUCT_BUNDLE_IDENTIFIER = com.nagisa.sample;
				PRODUCT_NAME = EzImageLoaderSample;
				SWIFT_INCLUDE_PATHS = "";
				SWIFT_SWIFT3_OBJC_INFERENCE = Default;
				SWIFT_VERSION = 4.0;
			};
			name = Debug;
		};
		C36D95721D4069FD00F0CE31 /* Release */ = {
			isa = XCBuildConfiguration;
			baseConfigurationReference = DF6DC31241859B5AEEAF8F7B /* Pods-EzImageLoaderSample.release.xcconfig */;
			buildSettings = {
				ASSETCATALOG_COMPILER_APPICON_NAME = AppIcon;
				DEVELOPMENT_TEAM = 5E2LE3SXM6;
				FRAMEWORK_SEARCH_PATHS = (
					"$(inherited)",
					"$(PROJECT_DIR)",
				);
				INFOPLIST_FILE = sample/Info.plist;
				IPHONEOS_DEPLOYMENT_TARGET = 8.0;
				LD_RUNPATH_SEARCH_PATHS = "$(inherited) @executable_path/Frameworks";
				PRODUCT_BUNDLE_IDENTIFIER = com.nagisa.sample;
				PRODUCT_NAME = EzImageLoaderSample;
				SWIFT_INCLUDE_PATHS = "";
				SWIFT_SWIFT3_OBJC_INFERENCE = Default;
				SWIFT_VERSION = 4.0;
			};
			name = Release;
		};
/* End XCBuildConfiguration section */

/* Begin XCConfigurationList section */
		C31DBBD51DBA11B4009BC34B /* Build configuration list for PBXNativeTarget "EzImageLoaderSampleTests" */ = {
			isa = XCConfigurationList;
			buildConfigurations = (
				C31DBBD31DBA11B4009BC34B /* Debug */,
				C31DBBD41DBA11B4009BC34B /* Release */,
			);
			defaultConfigurationIsVisible = 0;
			defaultConfigurationName = Release;
		};
		C36D95591D4069FD00F0CE31 /* Build configuration list for PBXProject "EzImageLoaderSample" */ = {
			isa = XCConfigurationList;
			buildConfigurations = (
				C36D956E1D4069FD00F0CE31 /* Debug */,
				C36D956F1D4069FD00F0CE31 /* Release */,
			);
			defaultConfigurationIsVisible = 0;
			defaultConfigurationName = Release;
		};
		C36D95701D4069FD00F0CE31 /* Build configuration list for PBXNativeTarget "EzImageLoaderSample" */ = {
			isa = XCConfigurationList;
			buildConfigurations = (
				C36D95711D4069FD00F0CE31 /* Debug */,
				C36D95721D4069FD00F0CE31 /* Release */,
			);
			defaultConfigurationIsVisible = 0;
			defaultConfigurationName = Release;
		};
/* End XCConfigurationList section */
	};
	rootObject = C36D95561D4069FD00F0CE31 /* Project object */;
}
