PODS:
  - EzHTTP (0.0.7)
  - EzImageLoader (0.0.4):
    - EzHTTP

DEPENDENCIES:
  - EzHTTP (from `https://github.com/asaday/EzHTTP`, branch `swift3`)
  - EzImageLoader (from `../`)

EXTERNAL SOURCES:
  EzHTTP:
    :branch: swift3
    :git: https://github.com/asaday/EzHTTP
  EzImageLoader:
    :path: "../"

CHECKOUT OPTIONS:
  EzHTTP:
    :commit: a28abbccb9f3026695aadf9ec4a52b44d8e99a98
    :git: https://github.com/asaday/EzHTTP

SPEC CHECKSUMS:
  EzHTTP: a8ef5552fa51b7348806ffa8ec606039d62ca8bd
  EzImageLoader: fa03c2b202dd204147b482c3e99c2db3fb763dd4

PODFILE CHECKSUM: 35e4280c5a0c990d95eb32bc47080493ec2c868a

COCOAPODS: 1.0.1
